
Microsoft Visual Studio Solution File, Format Version 12.00
# Visual Studio Version 17
VisualStudioVersion = 17.0.31903.59
MinimumVisualStudioVersion = 10.0.40219.1
Project("{FAE04EC0-301F-11D3-BF4B-00C04F79EFBC}") = "Lab3_1", "Lab3_1\Lab3_1.csproj", "{C20BA309-352F-45EA-8E3A-CBBFE7055D48}"
EndProject
Project("{FAE04EC0-301F-11D3-BF4B-00C04F79EFBC}") = "Lab3_2", "Lab3_2\Lab3_2.csproj", "{3C03B3C4-B330-4605-B48D-90B94952B1AF}"
EndProject
Project("{FAE04EC0-301F-11D3-BF4B-00C04F79EFBC}") = "Lab3_3", "Lab3_3\Lab3_3.csproj", "{47A1B35D-74B2-4A40-908C-0810764808F2}"
EndProject
Project("{FAE04EC0-301F-11D3-BF4B-00C04F79EFBC}") = "Lab4_1", "Lab4_1\Lab4_1.csproj", "{D1A7D2BA-1B0C-4BE9-B8BC-596D0984F68D}"
EndProject
Project("{FAE04EC0-301F-11D3-BF4B-00C04F79EFBC}") = "Lab4_2", "Lab4_2\Lab4_2.csproj", "{480C8E67-92F6-468C-B975-A11589797A92}"
EndProject
Project("{FAE04EC0-301F-11D3-BF4B-00C04F79EFBC}") = "Lab4_3", "Lab4_3\Lab4_3.csproj", "{A3BDB778-4104-4871-92AB-F39FC2D013CF}"
EndProject
Project("{FAE04EC0-301F-11D3-BF4B-00C04F79EFBC}") = "Lab4_4", "Lab4_4\Lab4_4.csproj", "{9DE2CD0A-6BD2-49DA-9CF9-C74B3A139049}"
EndProject
Project("{FAE04EC0-301F-11D3-BF4B-00C04F79EFBC}") = "Lab5_1", "Lab5_1\Lab5_1.csproj", "{6B629D1B-85A8-4148-91CD-CABC8F3D4652}"
EndProject
Project("{FAE04EC0-301F-11D3-BF4B-00C04F79EFBC}") = "Lab5_1b", "Lab5_1b\Lab5_1b.csproj", "{5231BA33-C139-46AA-84EE-71DAC4FB376D}"
EndProject
Project("{FAE04EC0-301F-11D3-BF4B-00C04F79EFBC}") = "Lab6_1", "Lab6_1\Lab6_1.csproj", "{98061D7A-9A88-4BC9-A9AF-5C7357CD79F7}"
EndProject
Project("{FAE04EC0-301F-11D3-BF4B-00C04F79EFBC}") = "Lab6_2", "Lab6_2\Lab6_2.csproj", "{6B3682AB-75A4-4C71-915B-334CA8B39DEC}"
EndProject
Project("{FAE04EC0-301F-11D3-BF4B-00C04F79EFBC}") = "Lab6_3", "Lab6_3\Lab6_3.csproj", "{0FDEF01A-F3B8-4FB4-B7B2-B6A1FABD5A28}"
EndProject
Project("{FAE04EC0-301F-11D3-BF4B-00C04F79EFBC}") = "Lab2_1", "Lab2_1\Lab2_1.csproj", "{A8BED925-8A03-4493-BF54-6F0F83DB9821}"
EndProject
Project("{FAE04EC0-301F-11D3-BF4B-00C04F79EFBC}") = "Lab2_2", "Lab2_2\Lab2_2.csproj", "{FE1AA3CD-9A26-40A5-A33F-0438A1817CD3}"
EndProject
Project("{FAE04EC0-301F-11D3-BF4B-00C04F79EFBC}") = "Lab2_3", "Lab2_3\Lab2_3.csproj", "{5BF94FC3-09C6-4AA8-A9E3-1C779309561B}"
EndProject
Project("{FAE04EC0-301F-11D3-BF4B-00C04F79EFBC}") = "Lab2_4", "Lab2_4\Lab2_4.csproj", "{B51443D7-6DDA-467D-8DB3-D53F8BFEE0C1}"
EndProject
Project("{FAE04EC0-301F-11D3-BF4B-00C04F79EFBC}") = "Lab2_5", "Lab2_5\Lab2_5.csproj", "{A0E8E255-32D2-4494-8B3C-E50B2776EC0B}"
EndProject
Project("{FAE04EC0-301F-11D3-BF4B-00C04F79EFBC}") = "Lab2_6", "Lab2_6\Lab2_6.csproj", "{1F4EC2C4-C09D-4F31-A86B-E0CBA87B8C07}"
EndProject
Project("{FAE04EC0-301F-11D3-BF4B-00C04F79EFBC}") = "Lab8_5", "Lab8_5\Lab8_5.csproj", "{DC4C5428-8C44-49F1-BA9E-23BB0ED112AC}"
EndProject
Project("{FAE04EC0-301F-11D3-BF4B-00C04F79EFBC}") = "Lab7_1", "Lab7_1\Lab7_1.csproj", "{DDCB25A7-2507-4F7D-9EC0-DC277B161D10}"
EndProject
Project("{FAE04EC0-301F-11D3-BF4B-00C04F79EFBC}") = "Lab7_2", "Lab7_2\Lab7_2.csproj", "{D6E5144E-8348-4852-BABC-A17AA8FBB689}"
EndProject
Project("{FAE04EC0-301F-11D3-BF4B-00C04F79EFBC}") = "Lab7_3", "Lab7_3\Lab7_3.csproj", "{DCC51315-2C17-427C-BF5D-C96B9600B2C8}"
EndProject
Project("{FAE04EC0-301F-11D3-BF4B-00C04F79EFBC}") = "Lab8_1", "Lab8_1\Lab8_1.csproj", "{540759A7-4842-4A88-9377-6F842071A29F}"
EndProject
Project("{FAE04EC0-301F-11D3-BF4B-00C04F79EFBC}") = "Lab8_2", "Lab8_2\Lab8_2.csproj", "{9B41B6A9-FD4F-4A67-B7CB-61540B98177F}"
EndProject
Project("{FAE04EC0-301F-11D3-BF4B-00C04F79EFBC}") = "Lab9_4", "Lab9_4\Lab9_4.csproj", "{FD84C7AC-8029-417F-A533-E5C48C41EBB3}"
EndProject
Project("{FAE04EC0-301F-11D3-BF4B-00C04F79EFBC}") = "Lab10_1", "Lab10_1\Lab10_1.csproj", "{9A7B3161-8B4C-481D-981A-FF853D63CD5B}"
EndProject
Project("{FAE04EC0-301F-11D3-BF4B-00C04F79EFBC}") = "Lab10_2", "Lab10_2\Lab10_2.csproj", "{78F1D241-7634-4EFE-B35E-621F93D7F70F}"
EndProject
Project("{FAE04EC0-301F-11D3-BF4B-00C04F79EFBC}") = "Lab10_3", "Lab10_3\Lab10_3.csproj", "{692C96A7-2178-404F-A34B-34DBE562D07C}"
EndProject
Project("{FAE04EC0-301F-11D3-BF4B-00C04F79EFBC}") = "Lab11_1", "Lab11_1\Lab11_1.csproj", "{7B8BEE80-C476-4AE3-B54F-9A71B7A68A77}"
EndProject
Project("{FAE04EC0-301F-11D3-BF4B-00C04F79EFBC}") = "Lab11_2", "Lab11_2\Lab11_2.csproj", "{A1767A58-EB2E-4E6C-A871-5351BC3A0A28}"
EndProject
Project("{FAE04EC0-301F-11D3-BF4B-00C04F79EFBC}") = "Lab11_3", "Lab11_3\Lab11_3.csproj", "{EDCC6623-5D0D-422A-9765-F15A921526A8}"
EndProject
Project("{FAE04EC0-301F-11D3-BF4B-00C04F79EFBC}") = "Lab11_4", "Lab11_4\Lab11_4.csproj", "{47CA9F6B-C9BD-4500-88B7-C6848BF99BD4}"
EndProject
Project("{FAE04EC0-301F-11D3-BF4B-00C04F79EFBC}") = "Lab11_5", "Lab11_5\Lab11_5.csproj", "{9D43522C-F547-4822-BB50-CC5FDFE7D1CC}"
EndProject
Project("{FAE04EC0-301F-11D3-BF4B-00C04F79EFBC}") = "Lab11_6", "Lab11_6\Lab11_6.csproj", "{403788B3-97E6-4EFF-91AC-44505B865772}"
EndProject
Project("{FAE04EC0-301F-11D3-BF4B-00C04F79EFBC}") = "Lab12_1", "Lab12_1\Lab12_1.csproj", "{E05AFC29-DA5A-40E7-913F-860B6D388811}"
EndProject
Project("{FAE04EC0-301F-11D3-BF4B-00C04F79EFBC}") = "Lab12_2", "Lab12_2\Lab12_2.csproj", "{3120E4B9-CAF4-41AB-A4B7-6D34007B451A}"
EndProject
Project("{FAE04EC0-301F-11D3-BF4B-00C04F79EFBC}") = "Lab12_3", "Lab12_3\Lab12_3.csproj", "{76E22C80-5781-406B-9F3E-B1CDB403E537}"
EndProject
Project("{FAE04EC0-301F-11D3-BF4B-00C04F79EFBC}") = "Lab12_4", "Lab12_4\Lab12_4.csproj", "{C1507109-75D6-4217-8331-B2007616B379}"
EndProject
Project("{FAE04EC0-301F-11D3-BF4B-00C04F79EFBC}") = "Lab13_1", "Lab13_1\Lab13_1.csproj", "{A8E32C4D-0105-4C8E-A261-549C522C9E6F}"
EndProject
Project("{FAE04EC0-301F-11D3-BF4B-00C04F79EFBC}") = "Lab13_2", "Lab13_2\Lab13_2.csproj", "{908A0B13-0D2A-40D6-8DF0-62DF0D7D6FC6}"
EndProject
Project("{FAE04EC0-301F-11D3-BF4B-00C04F79EFBC}") = "Lab13_3", "Lab13_3\Lab13_3.csproj", "{99588E83-CFA0-460B-8F92-7963F766328E}"
EndProject
Project("{FAE04EC0-301F-11D3-BF4B-00C04F79EFBC}") = "Lab15_1", "Lab15_1\Lab15_1.csproj", "{C57315F6-E7E2-4FE5-AA0F-88B0BE96E511}"
EndProject
Global
	GlobalSection(SolutionConfigurationPlatforms) = preSolution
		Debug|Any CPU = Debug|Any CPU
		Release|Any CPU = Release|Any CPU
	EndGlobalSection
	GlobalSection(SolutionProperties) = preSolution
		HideSolutionNode = FALSE
	EndGlobalSection
	GlobalSection(ProjectConfigurationPlatforms) = postSolution
		{C20BA309-352F-45EA-8E3A-CBBFE7055D48}.Debug|Any CPU.ActiveCfg = Debug|Any CPU
		{C20BA309-352F-45EA-8E3A-CBBFE7055D48}.Debug|Any CPU.Build.0 = Debug|Any CPU
		{C20BA309-352F-45EA-8E3A-CBBFE7055D48}.Release|Any CPU.ActiveCfg = Release|Any CPU
		{C20BA309-352F-45EA-8E3A-CBBFE7055D48}.Release|Any CPU.Build.0 = Release|Any CPU
		{3C03B3C4-B330-4605-B48D-90B94952B1AF}.Debug|Any CPU.ActiveCfg = Debug|Any CPU
		{3C03B3C4-B330-4605-B48D-90B94952B1AF}.Debug|Any CPU.Build.0 = Debug|Any CPU
		{3C03B3C4-B330-4605-B48D-90B94952B1AF}.Release|Any CPU.ActiveCfg = Release|Any CPU
		{3C03B3C4-B330-4605-B48D-90B94952B1AF}.Release|Any CPU.Build.0 = Release|Any CPU
		{47A1B35D-74B2-4A40-908C-0810764808F2}.Debug|Any CPU.ActiveCfg = Debug|Any CPU
		{47A1B35D-74B2-4A40-908C-0810764808F2}.Debug|Any CPU.Build.0 = Debug|Any CPU
		{47A1B35D-74B2-4A40-908C-0810764808F2}.Release|Any CPU.ActiveCfg = Release|Any CPU
		{47A1B35D-74B2-4A40-908C-0810764808F2}.Release|Any CPU.Build.0 = Release|Any CPU
		{D1A7D2BA-1B0C-4BE9-B8BC-596D0984F68D}.Debug|Any CPU.ActiveCfg = Debug|Any CPU
		{D1A7D2BA-1B0C-4BE9-B8BC-596D0984F68D}.Debug|Any CPU.Build.0 = Debug|Any CPU
		{D1A7D2BA-1B0C-4BE9-B8BC-596D0984F68D}.Release|Any CPU.ActiveCfg = Release|Any CPU
		{D1A7D2BA-1B0C-4BE9-B8BC-596D0984F68D}.Release|Any CPU.Build.0 = Release|Any CPU
		{480C8E67-92F6-468C-B975-A11589797A92}.Debug|Any CPU.ActiveCfg = Debug|Any CPU
		{480C8E67-92F6-468C-B975-A11589797A92}.Debug|Any CPU.Build.0 = Debug|Any CPU
		{480C8E67-92F6-468C-B975-A11589797A92}.Release|Any CPU.ActiveCfg = Release|Any CPU
		{480C8E67-92F6-468C-B975-A11589797A92}.Release|Any CPU.Build.0 = Release|Any CPU
		{A3BDB778-4104-4871-92AB-F39FC2D013CF}.Debug|Any CPU.ActiveCfg = Debug|Any CPU
		{A3BDB778-4104-4871-92AB-F39FC2D013CF}.Debug|Any CPU.Build.0 = Debug|Any CPU
		{A3BDB778-4104-4871-92AB-F39FC2D013CF}.Release|Any CPU.ActiveCfg = Release|Any CPU
		{A3BDB778-4104-4871-92AB-F39FC2D013CF}.Release|Any CPU.Build.0 = Release|Any CPU
		{9DE2CD0A-6BD2-49DA-9CF9-C74B3A139049}.Debug|Any CPU.ActiveCfg = Debug|Any CPU
		{9DE2CD0A-6BD2-49DA-9CF9-C74B3A139049}.Debug|Any CPU.Build.0 = Debug|Any CPU
		{9DE2CD0A-6BD2-49DA-9CF9-C74B3A139049}.Release|Any CPU.ActiveCfg = Release|Any CPU
		{9DE2CD0A-6BD2-49DA-9CF9-C74B3A139049}.Release|Any CPU.Build.0 = Release|Any CPU
		{6B629D1B-85A8-4148-91CD-CABC8F3D4652}.Debug|Any CPU.ActiveCfg = Debug|Any CPU
		{6B629D1B-85A8-4148-91CD-CABC8F3D4652}.Debug|Any CPU.Build.0 = Debug|Any CPU
		{6B629D1B-85A8-4148-91CD-CABC8F3D4652}.Release|Any CPU.ActiveCfg = Release|Any CPU
		{6B629D1B-85A8-4148-91CD-CABC8F3D4652}.Release|Any CPU.Build.0 = Release|Any CPU
		{5231BA33-C139-46AA-84EE-71DAC4FB376D}.Debug|Any CPU.ActiveCfg = Debug|Any CPU
		{5231BA33-C139-46AA-84EE-71DAC4FB376D}.Debug|Any CPU.Build.0 = Debug|Any CPU
		{5231BA33-C139-46AA-84EE-71DAC4FB376D}.Release|Any CPU.ActiveCfg = Release|Any CPU
		{5231BA33-C139-46AA-84EE-71DAC4FB376D}.Release|Any CPU.Build.0 = Release|Any CPU
		{98061D7A-9A88-4BC9-A9AF-5C7357CD79F7}.Debug|Any CPU.ActiveCfg = Debug|Any CPU
		{98061D7A-9A88-4BC9-A9AF-5C7357CD79F7}.Debug|Any CPU.Build.0 = Debug|Any CPU
		{98061D7A-9A88-4BC9-A9AF-5C7357CD79F7}.Release|Any CPU.ActiveCfg = Release|Any CPU
		{98061D7A-9A88-4BC9-A9AF-5C7357CD79F7}.Release|Any CPU.Build.0 = Release|Any CPU
		{6B3682AB-75A4-4C71-915B-334CA8B39DEC}.Debug|Any CPU.ActiveCfg = Debug|Any CPU
		{6B3682AB-75A4-4C71-915B-334CA8B39DEC}.Debug|Any CPU.Build.0 = Debug|Any CPU
		{6B3682AB-75A4-4C71-915B-334CA8B39DEC}.Release|Any CPU.ActiveCfg = Release|Any CPU
		{6B3682AB-75A4-4C71-915B-334CA8B39DEC}.Release|Any CPU.Build.0 = Release|Any CPU
		{0FDEF01A-F3B8-4FB4-B7B2-B6A1FABD5A28}.Debug|Any CPU.ActiveCfg = Debug|Any CPU
		{0FDEF01A-F3B8-4FB4-B7B2-B6A1FABD5A28}.Debug|Any CPU.Build.0 = Debug|Any CPU
		{0FDEF01A-F3B8-4FB4-B7B2-B6A1FABD5A28}.Release|Any CPU.ActiveCfg = Release|Any CPU
		{0FDEF01A-F3B8-4FB4-B7B2-B6A1FABD5A28}.Release|Any CPU.Build.0 = Release|Any CPU
		{A8BED925-8A03-4493-BF54-6F0F83DB9821}.Debug|Any CPU.ActiveCfg = Debug|Any CPU
		{A8BED925-8A03-4493-BF54-6F0F83DB9821}.Debug|Any CPU.Build.0 = Debug|Any CPU
		{A8BED925-8A03-4493-BF54-6F0F83DB9821}.Release|Any CPU.ActiveCfg = Release|Any CPU
		{A8BED925-8A03-4493-BF54-6F0F83DB9821}.Release|Any CPU.Build.0 = Release|Any CPU
		{FE1AA3CD-9A26-40A5-A33F-0438A1817CD3}.Debug|Any CPU.ActiveCfg = Debug|Any CPU
		{FE1AA3CD-9A26-40A5-A33F-0438A1817CD3}.Debug|Any CPU.Build.0 = Debug|Any CPU
		{FE1AA3CD-9A26-40A5-A33F-0438A1817CD3}.Release|Any CPU.ActiveCfg = Release|Any CPU
		{FE1AA3CD-9A26-40A5-A33F-0438A1817CD3}.Release|Any CPU.Build.0 = Release|Any CPU
		{5BF94FC3-09C6-4AA8-A9E3-1C779309561B}.Debug|Any CPU.ActiveCfg = Debug|Any CPU
		{5BF94FC3-09C6-4AA8-A9E3-1C779309561B}.Debug|Any CPU.Build.0 = Debug|Any CPU
		{5BF94FC3-09C6-4AA8-A9E3-1C779309561B}.Release|Any CPU.ActiveCfg = Release|Any CPU
		{5BF94FC3-09C6-4AA8-A9E3-1C779309561B}.Release|Any CPU.Build.0 = Release|Any CPU
		{B51443D7-6DDA-467D-8DB3-D53F8BFEE0C1}.Debug|Any CPU.ActiveCfg = Debug|Any CPU
		{B51443D7-6DDA-467D-8DB3-D53F8BFEE0C1}.Debug|Any CPU.Build.0 = Debug|Any CPU
		{B51443D7-6DDA-467D-8DB3-D53F8BFEE0C1}.Release|Any CPU.ActiveCfg = Release|Any CPU
		{B51443D7-6DDA-467D-8DB3-D53F8BFEE0C1}.Release|Any CPU.Build.0 = Release|Any CPU
		{A0E8E255-32D2-4494-8B3C-E50B2776EC0B}.Debug|Any CPU.ActiveCfg = Debug|Any CPU
		{A0E8E255-32D2-4494-8B3C-E50B2776EC0B}.Debug|Any CPU.Build.0 = Debug|Any CPU
		{A0E8E255-32D2-4494-8B3C-E50B2776EC0B}.Release|Any CPU.ActiveCfg = Release|Any CPU
		{A0E8E255-32D2-4494-8B3C-E50B2776EC0B}.Release|Any CPU.Build.0 = Release|Any CPU
		{1F4EC2C4-C09D-4F31-A86B-E0CBA87B8C07}.Debug|Any CPU.ActiveCfg = Debug|Any CPU
		{1F4EC2C4-C09D-4F31-A86B-E0CBA87B8C07}.Debug|Any CPU.Build.0 = Debug|Any CPU
		{1F4EC2C4-C09D-4F31-A86B-E0CBA87B8C07}.Release|Any CPU.ActiveCfg = Release|Any CPU
		{1F4EC2C4-C09D-4F31-A86B-E0CBA87B8C07}.Release|Any CPU.Build.0 = Release|Any CPU
		{DC4C5428-8C44-49F1-BA9E-23BB0ED112AC}.Debug|Any CPU.ActiveCfg = Debug|Any CPU
		{DC4C5428-8C44-49F1-BA9E-23BB0ED112AC}.Debug|Any CPU.Build.0 = Debug|Any CPU
		{DC4C5428-8C44-49F1-BA9E-23BB0ED112AC}.Release|Any CPU.ActiveCfg = Release|Any CPU
		{DC4C5428-8C44-49F1-BA9E-23BB0ED112AC}.Release|Any CPU.Build.0 = Release|Any CPU
		{DDCB25A7-2507-4F7D-9EC0-DC277B161D10}.Debug|Any CPU.ActiveCfg = Debug|Any CPU
		{DDCB25A7-2507-4F7D-9EC0-DC277B161D10}.Debug|Any CPU.Build.0 = Debug|Any CPU
		{DDCB25A7-2507-4F7D-9EC0-DC277B161D10}.Release|Any CPU.ActiveCfg = Release|Any CPU
		{DDCB25A7-2507-4F7D-9EC0-DC277B161D10}.Release|Any CPU.Build.0 = Release|Any CPU
		{D6E5144E-8348-4852-BABC-A17AA8FBB689}.Debug|Any CPU.ActiveCfg = Debug|Any CPU
		{D6E5144E-8348-4852-BABC-A17AA8FBB689}.Debug|Any CPU.Build.0 = Debug|Any CPU
		{D6E5144E-8348-4852-BABC-A17AA8FBB689}.Release|Any CPU.ActiveCfg = Release|Any CPU
		{D6E5144E-8348-4852-BABC-A17AA8FBB689}.Release|Any CPU.Build.0 = Release|Any CPU
		{DCC51315-2C17-427C-BF5D-C96B9600B2C8}.Debug|Any CPU.ActiveCfg = Debug|Any CPU
		{DCC51315-2C17-427C-BF5D-C96B9600B2C8}.Debug|Any CPU.Build.0 = Debug|Any CPU
		{DCC51315-2C17-427C-BF5D-C96B9600B2C8}.Release|Any CPU.ActiveCfg = Release|Any CPU
		{DCC51315-2C17-427C-BF5D-C96B9600B2C8}.Release|Any CPU.Build.0 = Release|Any CPU
		{540759A7-4842-4A88-9377-6F842071A29F}.Debug|Any CPU.ActiveCfg = Debug|Any CPU
		{540759A7-4842-4A88-9377-6F842071A29F}.Debug|Any CPU.Build.0 = Debug|Any CPU
		{540759A7-4842-4A88-9377-6F842071A29F}.Release|Any CPU.ActiveCfg = Release|Any CPU
		{540759A7-4842-4A88-9377-6F842071A29F}.Release|Any CPU.Build.0 = Release|Any CPU
		{9B41B6A9-FD4F-4A67-B7CB-61540B98177F}.Debug|Any CPU.ActiveCfg = Debug|Any CPU
		{9B41B6A9-FD4F-4A67-B7CB-61540B98177F}.Debug|Any CPU.Build.0 = Debug|Any CPU
		{9B41B6A9-FD4F-4A67-B7CB-61540B98177F}.Release|Any CPU.ActiveCfg = Release|Any CPU
		{9B41B6A9-FD4F-4A67-B7CB-61540B98177F}.Release|Any CPU.Build.0 = Release|Any CPU
		{FD84C7AC-8029-417F-A533-E5C48C41EBB3}.Debug|Any CPU.ActiveCfg = Debug|Any CPU
		{FD84C7AC-8029-417F-A533-E5C48C41EBB3}.Debug|Any CPU.Build.0 = Debug|Any CPU
		{FD84C7AC-8029-417F-A533-E5C48C41EBB3}.Release|Any CPU.ActiveCfg = Release|Any CPU
		{FD84C7AC-8029-417F-A533-E5C48C41EBB3}.Release|Any CPU.Build.0 = Release|Any CPU
		{9A7B3161-8B4C-481D-981A-FF853D63CD5B}.Debug|Any CPU.ActiveCfg = Debug|Any CPU
		{9A7B3161-8B4C-481D-981A-FF853D63CD5B}.Debug|Any CPU.Build.0 = Debug|Any CPU
		{9A7B3161-8B4C-481D-981A-FF853D63CD5B}.Release|Any CPU.ActiveCfg = Release|Any CPU
		{9A7B3161-8B4C-481D-981A-FF853D63CD5B}.Release|Any CPU.Build.0 = Release|Any CPU
		{78F1D241-7634-4EFE-B35E-621F93D7F70F}.Debug|Any CPU.ActiveCfg = Debug|Any CPU
		{78F1D241-7634-4EFE-B35E-621F93D7F70F}.Debug|Any CPU.Build.0 = Debug|Any CPU
		{78F1D241-7634-4EFE-B35E-621F93D7F70F}.Release|Any CPU.ActiveCfg = Release|Any CPU
		{78F1D241-7634-4EFE-B35E-621F93D7F70F}.Release|Any CPU.Build.0 = Release|Any CPU
		{692C96A7-2178-404F-A34B-34DBE562D07C}.Debug|Any CPU.ActiveCfg = Debug|Any CPU
		{692C96A7-2178-404F-A34B-34DBE562D07C}.Debug|Any CPU.Build.0 = Debug|Any CPU
		{692C96A7-2178-404F-A34B-34DBE562D07C}.Release|Any CPU.ActiveCfg = Release|Any CPU
		{692C96A7-2178-404F-A34B-34DBE562D07C}.Release|Any CPU.Build.0 = Release|Any CPU
		{7B8BEE80-C476-4AE3-B54F-9A71B7A68A77}.Debug|Any CPU.ActiveCfg = Debug|Any CPU
		{7B8BEE80-C476-4AE3-B54F-9A71B7A68A77}.Debug|Any CPU.Build.0 = Debug|Any CPU
		{7B8BEE80-C476-4AE3-B54F-9A71B7A68A77}.Release|Any CPU.ActiveCfg = Release|Any CPU
		{7B8BEE80-C476-4AE3-B54F-9A71B7A68A77}.Release|Any CPU.Build.0 = Release|Any CPU
		{A1767A58-EB2E-4E6C-A871-5351BC3A0A28}.Debug|Any CPU.ActiveCfg = Debug|Any CPU
		{A1767A58-EB2E-4E6C-A871-5351BC3A0A28}.Debug|Any CPU.Build.0 = Debug|Any CPU
		{A1767A58-EB2E-4E6C-A871-5351BC3A0A28}.Release|Any CPU.ActiveCfg = Release|Any CPU
		{A1767A58-EB2E-4E6C-A871-5351BC3A0A28}.Release|Any CPU.Build.0 = Release|Any CPU
		{EDCC6623-5D0D-422A-9765-F15A921526A8}.Debug|Any CPU.ActiveCfg = Debug|Any CPU
		{EDCC6623-5D0D-422A-9765-F15A921526A8}.Debug|Any CPU.Build.0 = Debug|Any CPU
		{EDCC6623-5D0D-422A-9765-F15A921526A8}.Release|Any CPU.ActiveCfg = Release|Any CPU
		{EDCC6623-5D0D-422A-9765-F15A921526A8}.Release|Any CPU.Build.0 = Release|Any CPU
		{47CA9F6B-C9BD-4500-88B7-C6848BF99BD4}.Debug|Any CPU.ActiveCfg = Debug|Any CPU
		{47CA9F6B-C9BD-4500-88B7-C6848BF99BD4}.Debug|Any CPU.Build.0 = Debug|Any CPU
		{47CA9F6B-C9BD-4500-88B7-C6848BF99BD4}.Release|Any CPU.ActiveCfg = Release|Any CPU
		{47CA9F6B-C9BD-4500-88B7-C6848BF99BD4}.Release|Any CPU.Build.0 = Release|Any CPU
		{9D43522C-F547-4822-BB50-CC5FDFE7D1CC}.Debug|Any CPU.ActiveCfg = Debug|Any CPU
		{9D43522C-F547-4822-BB50-CC5FDFE7D1CC}.Debug|Any CPU.Build.0 = Debug|Any CPU
		{9D43522C-F547-4822-BB50-CC5FDFE7D1CC}.Release|Any CPU.ActiveCfg = Release|Any CPU
		{9D43522C-F547-4822-BB50-CC5FDFE7D1CC}.Release|Any CPU.Build.0 = Release|Any CPU
		{403788B3-97E6-4EFF-91AC-44505B865772}.Debug|Any CPU.ActiveCfg = Debug|Any CPU
		{403788B3-97E6-4EFF-91AC-44505B865772}.Debug|Any CPU.Build.0 = Debug|Any CPU
		{403788B3-97E6-4EFF-91AC-44505B865772}.Release|Any CPU.ActiveCfg = Release|Any CPU
		{403788B3-97E6-4EFF-91AC-44505B865772}.Release|Any CPU.Build.0 = Release|Any CPU
		{E05AFC29-DA5A-40E7-913F-860B6D388811}.Debug|Any CPU.ActiveCfg = Debug|Any CPU
		{E05AFC29-DA5A-40E7-913F-860B6D388811}.Debug|Any CPU.Build.0 = Debug|Any CPU
		{E05AFC29-DA5A-40E7-913F-860B6D388811}.Release|Any CPU.ActiveCfg = Release|Any CPU
		{E05AFC29-DA5A-40E7-913F-860B6D388811}.Release|Any CPU.Build.0 = Release|Any CPU
		{3120E4B9-CAF4-41AB-A4B7-6D34007B451A}.Debug|Any CPU.ActiveCfg = Debug|Any CPU
		{3120E4B9-CAF4-41AB-A4B7-6D34007B451A}.Debug|Any CPU.Build.0 = Debug|Any CPU
		{3120E4B9-CAF4-41AB-A4B7-6D34007B451A}.Release|Any CPU.ActiveCfg = Release|Any CPU
		{3120E4B9-CAF4-41AB-A4B7-6D34007B451A}.Release|Any CPU.Build.0 = Release|Any CPU
		{76E22C80-5781-406B-9F3E-B1CDB403E537}.Debug|Any CPU.ActiveCfg = Debug|Any CPU
		{76E22C80-5781-406B-9F3E-B1CDB403E537}.Debug|Any CPU.Build.0 = Debug|Any CPU
		{76E22C80-5781-406B-9F3E-B1CDB403E537}.Release|Any CPU.ActiveCfg = Release|Any CPU
		{76E22C80-5781-406B-9F3E-B1CDB403E537}.Release|Any CPU.Build.0 = Release|Any CPU
		{C1507109-75D6-4217-8331-B2007616B379}.Debug|Any CPU.ActiveCfg = Debug|Any CPU
		{C1507109-75D6-4217-8331-B2007616B379}.Debug|Any CPU.Build.0 = Debug|Any CPU
		{C1507109-75D6-4217-8331-B2007616B379}.Release|Any CPU.ActiveCfg = Release|Any CPU
		{C1507109-75D6-4217-8331-B2007616B379}.Release|Any CPU.Build.0 = Release|Any CPU
		{A8E32C4D-0105-4C8E-A261-549C522C9E6F}.Debug|Any CPU.ActiveCfg = Debug|Any CPU
		{A8E32C4D-0105-4C8E-A261-549C522C9E6F}.Debug|Any CPU.Build.0 = Debug|Any CPU
		{A8E32C4D-0105-4C8E-A261-549C522C9E6F}.Release|Any CPU.ActiveCfg = Release|Any CPU
		{A8E32C4D-0105-4C8E-A261-549C522C9E6F}.Release|Any CPU.Build.0 = Release|Any CPU
		{908A0B13-0D2A-40D6-8DF0-62DF0D7D6FC6}.Debug|Any CPU.ActiveCfg = Debug|Any CPU
		{908A0B13-0D2A-40D6-8DF0-62DF0D7D6FC6}.Debug|Any CPU.Build.0 = Debug|Any CPU
		{908A0B13-0D2A-40D6-8DF0-62DF0D7D6FC6}.Release|Any CPU.ActiveCfg = Release|Any CPU
		{908A0B13-0D2A-40D6-8DF0-62DF0D7D6FC6}.Release|Any CPU.Build.0 = Release|Any CPU
		{99588E83-CFA0-460B-8F92-7963F766328E}.Debug|Any CPU.ActiveCfg = Debug|Any CPU
		{99588E83-CFA0-460B-8F92-7963F766328E}.Debug|Any CPU.Build.0 = Debug|Any CPU
		{99588E83-CFA0-460B-8F92-7963F766328E}.Release|Any CPU.ActiveCfg = Release|Any CPU
		{99588E83-CFA0-460B-8F92-7963F766328E}.Release|Any CPU.Build.0 = Release|Any CPU
		{C57315F6-E7E2-4FE5-AA0F-88B0BE96E511}.Debug|Any CPU.ActiveCfg = Debug|Any CPU
		{C57315F6-E7E2-4FE5-AA0F-88B0BE96E511}.Debug|Any CPU.Build.0 = Debug|Any CPU
		{C57315F6-E7E2-4FE5-AA0F-88B0BE96E511}.Release|Any CPU.ActiveCfg = Release|Any CPU
		{C57315F6-E7E2-4FE5-AA0F-88B0BE96E511}.Release|Any CPU.Build.0 = Release|Any CPU
	EndGlobalSection
EndGlobal
